
Microsoft Visual Studio Solution File, Format Version 12.00
# Visual Studio Version 17
VisualStudioVersion = 17.1.32319.34
MinimumVisualStudioVersion = 10.0.40219.1
Project("{FAE04EC0-301F-11D3-BF4B-00C04F79EFBC}") = "WpfApp2", "WpfApp2\WpfApp2.csproj", "{44E34125-45A0-4927-95F1-443828D35D7F}"
EndProject
Global
	GlobalSection(SolutionConfigurationPlatforms) = preSolution
		Debug|Any CPU = Debug|Any CPU
		Release|Any CPU = Release|Any CPU
	EndGlobalSection
	GlobalSection(ProjectConfigurationPlatforms) = postSolution
		{44E34125-45A0-4927-95F1-443828D35D7F}.Debug|Any CPU.ActiveCfg = Debug|Any CPU
		{44E34125-45A0-4927-95F1-443828D35D7F}.Debug|Any CPU.Build.0 = Debug|Any CPU
		{44E34125-45A0-4927-95F1-443828D35D7F}.Release|Any CPU.ActiveCfg = Release|Any CPU
		{44E34125-45A0-4927-95F1-443828D35D7F}.Release|Any CPU.Build.0 = Release|Any CPU
	EndGlobalSection
	GlobalSection(SolutionProperties) = preSolution
		HideSolutionNode = FALSE
	EndGlobalSection
	GlobalSection(ExtensibilityGlobals) = postSolution
		SolutionGuid = {33AA4D36-D1A0-4E00-A7FD-01521AA69BDE}
	EndGlobalSection
EndGlobal
